
Microsoft Visual Studio Solution File, Format Version 12.00
# Visual Studio 2012
Project("{FAE04EC0-301F-11D3-BF4B-00C04F79EFBC}") = "Attendance-Register", "Attendance-Register\Attendance-Register.csproj", "{74F0EECA-2208-4CF4-A8FB-78C9D38107DA}"
EndProject
Global
	GlobalSection(SolutionConfigurationPlatforms) = preSolution
		Debug|Any CPU = Debug|Any CPU
		Release|Any CPU = Release|Any CPU
	EndGlobalSection
	GlobalSection(ProjectConfigurationPlatforms) = postSolution
		{74F0EECA-2208-4CF4-A8FB-78C9D38107DA}.Debug|Any CPU.ActiveCfg = Debug|Any CPU
		{74F0EECA-2208-4CF4-A8FB-78C9D38107DA}.Debug|Any CPU.Build.0 = Debug|Any CPU
		{74F0EECA-2208-4CF4-A8FB-78C9D38107DA}.Release|Any CPU.ActiveCfg = Release|Any CPU
		{74F0EECA-2208-4CF4-A8FB-78C9D38107DA}.Release|Any CPU.Build.0 = Release|Any CPU
	EndGlobalSection
	GlobalSection(SolutionProperties) = preSolution
		HideSolutionNode = FALSE
	EndGlobalSection
EndGlobal
